
Microsoft Visual Studio Solution File, Format Version 12.00
# Visual Studio 14
VisualStudioVersion = 14.0.25420.1
MinimumVisualStudioVersion = 10.0.40219.1
Project("{8BC9CEB8-8B4A-11D0-8D11-00A0C91BC942}") = "class_2.1", "class_2.1\class_2.1.vcxproj", "{C8165A04-8E42-45B9-B8A5-3FD94A669F80}"
EndProject
Project("{8BC9CEB8-8B4A-11D0-8D11-00A0C91BC942}") = "class_3.1", "class_3.1\class_3.1.vcxproj", "{12D7EF6C-F7B0-4594-A2B1-E0E011156721}"
EndProject
Project("{8BC9CEB8-8B4A-11D0-8D11-00A0C91BC942}") = "class_4.1", "class_4.1\class_4.1.vcxproj", "{1C7A48C5-2663-435E-8B35-17D87C2E93F8}"
EndProject
Project("{8BC9CEB8-8B4A-11D0-8D11-00A0C91BC942}") = "class_4.2", "class_4.2\class_4.2.vcxproj", "{B48CE742-FD40-402B-8396-4E5D06BC9D2A}"
EndProject
Project("{8BC9CEB8-8B4A-11D0-8D11-00A0C91BC942}") = "class_5.1", "class_5.1\class_5.1.vcxproj", "{B00EF15F-BD65-4150-90D7-0382BC55FC37}"
EndProject
Project("{8BC9CEB8-8B4A-11D0-8D11-00A0C91BC942}") = "class_7.1", "class_7.1\class_7.1.vcxproj", "{781C357E-4238-4361-B54C-E29BAA534039}"
EndProject
Project("{8BC9CEB8-8B4A-11D0-8D11-00A0C91BC942}") = "class_8.1", "class_8.1\class_8.1.vcxproj", "{CBF729BF-32E0-4D5D-8592-FF9A876C5B98}"
EndProject
Project("{8BC9CEB8-8B4A-11D0-8D11-00A0C91BC942}") = "class_9.1", "class_9.1\class_9.1.vcxproj", "{71DFA7F3-EB96-49DC-943B-70D0B5964C75}"
EndProject
Project("{8BC9CEB8-8B4A-11D0-8D11-00A0C91BC942}") = "class_10.1", "class_10.1\class_10.1.vcxproj", "{04977695-3D4A-447F-9A98-25ABA90387E7}"
EndProject
Project("{8BC9CEB8-8B4A-11D0-8D11-00A0C91BC942}") = "class_11.1", "class_11.1\class_11.1.vcxproj", "{2140FE6A-1820-41BF-B7D5-21039B75387A}"
EndProject
Project("{8BC9CEB8-8B4A-11D0-8D11-00A0C91BC942}") = "class_13.1", "class_13.1\class_13.1.vcxproj", "{42693A6D-2C2F-4903-AF85-8497B5418B85}"
EndProject
Project("{8BC9CEB8-8B4A-11D0-8D11-00A0C91BC942}") = "class_15.1", "class_15.1\class_15.1.vcxproj", "{357B09D0-2B31-4219-8B65-AD8FF1D3CA8F}"
EndProject
Project("{8BC9CEB8-8B4A-11D0-8D11-00A0C91BC942}") = "class_16.1", "class_16.1\class_16.1.vcxproj", "{CCEAB1FA-357C-4D31-967A-CF6306852076}"
EndProject
Project("{8BC9CEB8-8B4A-11D0-8D11-00A0C91BC942}") = "class_18.1", "class_18.1\class_18.1.vcxproj", "{784E1993-7CAE-4D45-8259-0FA19E9E90C8}"
EndProject
Global
	GlobalSection(SolutionConfigurationPlatforms) = preSolution
		Debug|x64 = Debug|x64
		Debug|x86 = Debug|x86
		Release|x64 = Release|x64
		Release|x86 = Release|x86
	EndGlobalSection
	GlobalSection(ProjectConfigurationPlatforms) = postSolution
		{C8165A04-8E42-45B9-B8A5-3FD94A669F80}.Debug|x64.ActiveCfg = Debug|x64
		{C8165A04-8E42-45B9-B8A5-3FD94A669F80}.Debug|x64.Build.0 = Debug|x64
		{C8165A04-8E42-45B9-B8A5-3FD94A669F80}.Debug|x86.ActiveCfg = Debug|Win32
		{C8165A04-8E42-45B9-B8A5-3FD94A669F80}.Debug|x86.Build.0 = Debug|Win32
		{C8165A04-8E42-45B9-B8A5-3FD94A669F80}.Release|x64.ActiveCfg = Release|x64
		{C8165A04-8E42-45B9-B8A5-3FD94A669F80}.Release|x64.Build.0 = Release|x64
		{C8165A04-8E42-45B9-B8A5-3FD94A669F80}.Release|x86.ActiveCfg = Release|Win32
		{C8165A04-8E42-45B9-B8A5-3FD94A669F80}.Release|x86.Build.0 = Release|Win32
		{12D7EF6C-F7B0-4594-A2B1-E0E011156721}.Debug|x64.ActiveCfg = Debug|x64
		{12D7EF6C-F7B0-4594-A2B1-E0E011156721}.Debug|x64.Build.0 = Debug|x64
		{12D7EF6C-F7B0-4594-A2B1-E0E011156721}.Debug|x86.ActiveCfg = Debug|Win32
		{12D7EF6C-F7B0-4594-A2B1-E0E011156721}.Debug|x86.Build.0 = Debug|Win32
		{12D7EF6C-F7B0-4594-A2B1-E0E011156721}.Release|x64.ActiveCfg = Release|x64
		{12D7EF6C-F7B0-4594-A2B1-E0E011156721}.Release|x64.Build.0 = Release|x64
		{12D7EF6C-F7B0-4594-A2B1-E0E011156721}.Release|x86.ActiveCfg = Release|Win32
		{12D7EF6C-F7B0-4594-A2B1-E0E011156721}.Release|x86.Build.0 = Release|Win32
		{1C7A48C5-2663-435E-8B35-17D87C2E93F8}.Debug|x64.ActiveCfg = Debug|x64
		{1C7A48C5-2663-435E-8B35-17D87C2E93F8}.Debug|x64.Build.0 = Debug|x64
		{1C7A48C5-2663-435E-8B35-17D87C2E93F8}.Debug|x86.ActiveCfg = Debug|Win32
		{1C7A48C5-2663-435E-8B35-17D87C2E93F8}.Debug|x86.Build.0 = Debug|Win32
		{1C7A48C5-2663-435E-8B35-17D87C2E93F8}.Release|x64.ActiveCfg = Release|x64
		{1C7A48C5-2663-435E-8B35-17D87C2E93F8}.Release|x64.Build.0 = Release|x64
		{1C7A48C5-2663-435E-8B35-17D87C2E93F8}.Release|x86.ActiveCfg = Release|Win32
		{1C7A48C5-2663-435E-8B35-17D87C2E93F8}.Release|x86.Build.0 = Release|Win32
		{B48CE742-FD40-402B-8396-4E5D06BC9D2A}.Debug|x64.ActiveCfg = Debug|x64
		{B48CE742-FD40-402B-8396-4E5D06BC9D2A}.Debug|x64.Build.0 = Debug|x64
		{B48CE742-FD40-402B-8396-4E5D06BC9D2A}.Debug|x86.ActiveCfg = Debug|Win32
		{B48CE742-FD40-402B-8396-4E5D06BC9D2A}.Debug|x86.Build.0 = Debug|Win32
		{B48CE742-FD40-402B-8396-4E5D06BC9D2A}.Release|x64.ActiveCfg = Release|x64
		{B48CE742-FD40-402B-8396-4E5D06BC9D2A}.Release|x64.Build.0 = Release|x64
		{B48CE742-FD40-402B-8396-4E5D06BC9D2A}.Release|x86.ActiveCfg = Release|Win32
		{B48CE742-FD40-402B-8396-4E5D06BC9D2A}.Release|x86.Build.0 = Release|Win32
		{B00EF15F-BD65-4150-90D7-0382BC55FC37}.Debug|x64.ActiveCfg = Debug|x64
		{B00EF15F-BD65-4150-90D7-0382BC55FC37}.Debug|x64.Build.0 = Debug|x64
		{B00EF15F-BD65-4150-90D7-0382BC55FC37}.Debug|x86.ActiveCfg = Debug|Win32
		{B00EF15F-BD65-4150-90D7-0382BC55FC37}.Debug|x86.Build.0 = Debug|Win32
		{B00EF15F-BD65-4150-90D7-0382BC55FC37}.Release|x64.ActiveCfg = Release|x64
		{B00EF15F-BD65-4150-90D7-0382BC55FC37}.Release|x64.Build.0 = Release|x64
		{B00EF15F-BD65-4150-90D7-0382BC55FC37}.Release|x86.ActiveCfg = Release|Win32
		{B00EF15F-BD65-4150-90D7-0382BC55FC37}.Release|x86.Build.0 = Release|Win32
		{781C357E-4238-4361-B54C-E29BAA534039}.Debug|x64.ActiveCfg = Debug|x64
		{781C357E-4238-4361-B54C-E29BAA534039}.Debug|x64.Build.0 = Debug|x64
		{781C357E-4238-4361-B54C-E29BAA534039}.Debug|x86.ActiveCfg = Debug|Win32
		{781C357E-4238-4361-B54C-E29BAA534039}.Debug|x86.Build.0 = Debug|Win32
		{781C357E-4238-4361-B54C-E29BAA534039}.Release|x64.ActiveCfg = Release|x64
		{781C357E-4238-4361-B54C-E29BAA534039}.Release|x64.Build.0 = Release|x64
		{781C357E-4238-4361-B54C-E29BAA534039}.Release|x86.ActiveCfg = Release|Win32
		{781C357E-4238-4361-B54C-E29BAA534039}.Release|x86.Build.0 = Release|Win32
		{CBF729BF-32E0-4D5D-8592-FF9A876C5B98}.Debug|x64.ActiveCfg = Debug|x64
		{CBF729BF-32E0-4D5D-8592-FF9A876C5B98}.Debug|x64.Build.0 = Debug|x64
		{CBF729BF-32E0-4D5D-8592-FF9A876C5B98}.Debug|x86.ActiveCfg = Debug|Win32
		{CBF729BF-32E0-4D5D-8592-FF9A876C5B98}.Debug|x86.Build.0 = Debug|Win32
		{CBF729BF-32E0-4D5D-8592-FF9A876C5B98}.Release|x64.ActiveCfg = Release|x64
		{CBF729BF-32E0-4D5D-8592-FF9A876C5B98}.Release|x64.Build.0 = Release|x64
		{CBF729BF-32E0-4D5D-8592-FF9A876C5B98}.Release|x86.ActiveCfg = Release|Win32
		{CBF729BF-32E0-4D5D-8592-FF9A876C5B98}.Release|x86.Build.0 = Release|Win32
		{71DFA7F3-EB96-49DC-943B-70D0B5964C75}.Debug|x64.ActiveCfg = Debug|x64
		{71DFA7F3-EB96-49DC-943B-70D0B5964C75}.Debug|x64.Build.0 = Debug|x64
		{71DFA7F3-EB96-49DC-943B-70D0B5964C75}.Debug|x86.ActiveCfg = Debug|Win32
		{71DFA7F3-EB96-49DC-943B-70D0B5964C75}.Debug|x86.Build.0 = Debug|Win32
		{71DFA7F3-EB96-49DC-943B-70D0B5964C75}.Release|x64.ActiveCfg = Release|x64
		{71DFA7F3-EB96-49DC-943B-70D0B5964C75}.Release|x64.Build.0 = Release|x64
		{71DFA7F3-EB96-49DC-943B-70D0B5964C75}.Release|x86.ActiveCfg = Release|Win32
		{71DFA7F3-EB96-49DC-943B-70D0B5964C75}.Release|x86.Build.0 = Release|Win32
		{04977695-3D4A-447F-9A98-25ABA90387E7}.Debug|x64.ActiveCfg = Debug|x64
		{04977695-3D4A-447F-9A98-25ABA90387E7}.Debug|x64.Build.0 = Debug|x64
		{04977695-3D4A-447F-9A98-25ABA90387E7}.Debug|x86.ActiveCfg = Debug|Win32
		{04977695-3D4A-447F-9A98-25ABA90387E7}.Debug|x86.Build.0 = Debug|Win32
		{04977695-3D4A-447F-9A98-25ABA90387E7}.Release|x64.ActiveCfg = Release|x64
		{04977695-3D4A-447F-9A98-25ABA90387E7}.Release|x64.Build.0 = Release|x64
		{04977695-3D4A-447F-9A98-25ABA90387E7}.Release|x86.ActiveCfg = Release|Win32
		{04977695-3D4A-447F-9A98-25ABA90387E7}.Release|x86.Build.0 = Release|Win32
		{2140FE6A-1820-41BF-B7D5-21039B75387A}.Debug|x64.ActiveCfg = Debug|x64
		{2140FE6A-1820-41BF-B7D5-21039B75387A}.Debug|x64.Build.0 = Debug|x64
		{2140FE6A-1820-41BF-B7D5-21039B75387A}.Debug|x86.ActiveCfg = Debug|Win32
		{2140FE6A-1820-41BF-B7D5-21039B75387A}.Debug|x86.Build.0 = Debug|Win32
		{2140FE6A-1820-41BF-B7D5-21039B75387A}.Release|x64.ActiveCfg = Release|x64
		{2140FE6A-1820-41BF-B7D5-21039B75387A}.Release|x64.Build.0 = Release|x64
		{2140FE6A-1820-41BF-B7D5-21039B75387A}.Release|x86.ActiveCfg = Release|Win32
		{2140FE6A-1820-41BF-B7D5-21039B75387A}.Release|x86.Build.0 = Release|Win32
		{42693A6D-2C2F-4903-AF85-8497B5418B85}.Debug|x64.ActiveCfg = Debug|x64
		{42693A6D-2C2F-4903-AF85-8497B5418B85}.Debug|x64.Build.0 = Debug|x64
		{42693A6D-2C2F-4903-AF85-8497B5418B85}.Debug|x86.ActiveCfg = Debug|Win32
		{42693A6D-2C2F-4903-AF85-8497B5418B85}.Debug|x86.Build.0 = Debug|Win32
		{42693A6D-2C2F-4903-AF85-8497B5418B85}.Release|x64.ActiveCfg = Release|x64
		{42693A6D-2C2F-4903-AF85-8497B5418B85}.Release|x64.Build.0 = Release|x64
		{42693A6D-2C2F-4903-AF85-8497B5418B85}.Release|x86.ActiveCfg = Release|Win32
		{42693A6D-2C2F-4903-AF85-8497B5418B85}.Release|x86.Build.0 = Release|Win32
		{357B09D0-2B31-4219-8B65-AD8FF1D3CA8F}.Debug|x64.ActiveCfg = Debug|x64
		{357B09D0-2B31-4219-8B65-AD8FF1D3CA8F}.Debug|x64.Build.0 = Debug|x64
		{357B09D0-2B31-4219-8B65-AD8FF1D3CA8F}.Debug|x86.ActiveCfg = Debug|Win32
		{357B09D0-2B31-4219-8B65-AD8FF1D3CA8F}.Debug|x86.Build.0 = Debug|Win32
		{357B09D0-2B31-4219-8B65-AD8FF1D3CA8F}.Release|x64.ActiveCfg = Release|x64
		{357B09D0-2B31-4219-8B65-AD8FF1D3CA8F}.Release|x64.Build.0 = Release|x64
		{357B09D0-2B31-4219-8B65-AD8FF1D3CA8F}.Release|x86.ActiveCfg = Release|Win32
		{357B09D0-2B31-4219-8B65-AD8FF1D3CA8F}.Release|x86.Build.0 = Release|Win32
		{CCEAB1FA-357C-4D31-967A-CF6306852076}.Debug|x64.ActiveCfg = Debug|x64
		{CCEAB1FA-357C-4D31-967A-CF6306852076}.Debug|x64.Build.0 = Debug|x64
		{CCEAB1FA-357C-4D31-967A-CF6306852076}.Debug|x86.ActiveCfg = Debug|Win32
		{CCEAB1FA-357C-4D31-967A-CF6306852076}.Debug|x86.Build.0 = Debug|Win32
		{CCEAB1FA-357C-4D31-967A-CF6306852076}.Release|x64.ActiveCfg = Release|x64
		{CCEAB1FA-357C-4D31-967A-CF6306852076}.Release|x64.Build.0 = Release|x64
		{CCEAB1FA-357C-4D31-967A-CF6306852076}.Release|x86.ActiveCfg = Release|Win32
		{CCEAB1FA-357C-4D31-967A-CF6306852076}.Release|x86.Build.0 = Release|Win32
		{784E1993-7CAE-4D45-8259-0FA19E9E90C8}.Debug|x64.ActiveCfg = Debug|x64
		{784E1993-7CAE-4D45-8259-0FA19E9E90C8}.Debug|x64.Build.0 = Debug|x64
		{784E1993-7CAE-4D45-8259-0FA19E9E90C8}.Debug|x86.ActiveCfg = Debug|Win32
		{784E1993-7CAE-4D45-8259-0FA19E9E90C8}.Debug|x86.Build.0 = Debug|Win32
		{784E1993-7CAE-4D45-8259-0FA19E9E90C8}.Release|x64.ActiveCfg = Release|x64
		{784E1993-7CAE-4D45-8259-0FA19E9E90C8}.Release|x64.Build.0 = Release|x64
		{784E1993-7CAE-4D45-8259-0FA19E9E90C8}.Release|x86.ActiveCfg = Release|Win32
		{784E1993-7CAE-4D45-8259-0FA19E9E90C8}.Release|x86.Build.0 = Release|Win32
	EndGlobalSection
	GlobalSection(SolutionProperties) = preSolution
		HideSolutionNode = FALSE
	EndGlobalSection
EndGlobal
